
Microsoft Visual Studio Solution File, Format Version 12.00
# Visual Studio Version 17
VisualStudioVersion = 17.0.32014.148
MinimumVisualStudioVersion = 10.0.40219.1
Project("{9A19103F-16F7-4668-BE54-9A1E7A4F7556}") = "DataConverter", "DataConverter.csproj", "{7EBE4DD0-4753-4514-A1AB-33F20F70C7D5}"
EndProject
Global
	GlobalSection(SolutionConfigurationPlatforms) = preSolution
		Debug|Any CPU = Debug|Any CPU
		Release|Any CPU = Release|Any CPU
	EndGlobalSection
	GlobalSection(ProjectConfigurationPlatforms) = postSolution
		{7EBE4DD0-4753-4514-A1AB-33F20F70C7D5}.Debug|Any CPU.ActiveCfg = Debug|Any CPU
		{7EBE4DD0-4753-4514-A1AB-33F20F70C7D5}.Debug|Any CPU.Build.0 = Debug|Any CPU
		{7EBE4DD0-4753-4514-A1AB-33F20F70C7D5}.Release|Any CPU.ActiveCfg = Release|Any CPU
		{7EBE4DD0-4753-4514-A1AB-33F20F70C7D5}.Release|Any CPU.Build.0 = Release|Any CPU
	EndGlobalSection
	GlobalSection(SolutionProperties) = preSolution
		HideSolutionNode = FALSE
	EndGlobalSection
	GlobalSection(ExtensibilityGlobals) = postSolution
		SolutionGuid = {002ADB69-5BC8-4D60-B4E9-D639257E4910}
	EndGlobalSection
EndGlobal
